github.com/cheekybits/is v0.0.0-20150225183255-68e9c0620927 h1:SKI1/fuSdodxmNNyVBR8d7X/HuLnRpvvFO0AgyQk764=
github.com/cheekybits/is v0.0.0-20150225183255-68e9c0620927/go.mod h1:h/aW8ynjgkuj+NQRlZcDbAbM1ORAbXjXX77sX7T289U=
github.com/cocoonlife/goflac v0.0.0-20170210142907-50ea06ed5a9d h1:utj98F6D5jVv2tHYMsYzM6Z5sG71/W12Ivkd/SnFiN0=
github.com/cocoonlife/goflac v0.0.0-20170210142907-50ea06ed5a9d/go.mod h1:swNVb00X8NOH/qeHuqnqiyfecAnWlThLX+NbH8r6yHw=
github.com/cocoonlife/testify v0.0.0-20160218172820-792cc1faeb64 h1:LjPYdzoFSAJ5Tr/ElL8kzTJghXgpnOjJVbgd1UvZB1o=
github.com/cocoonlife/testify v0.0.0-20160218172820-792cc1faeb64/go.mod h1:LoCAz53rbPcqs8Da2BjB/yDy4gxMtiSQmqnYI/DGH+U=
github.com/cryptix/wav v0.0.0-20180415113528-8bdace674401 h1:rZ+OHHkwlkYALTEd6AYXSL92K/SEc4fkz+TfweIwu6A=
github.com/cryptix/wav v0.0.0-20180415113528-8bdace674401/go.mod h1:knK8fd+KPlGGqSUWogv1DQzGTwnfUvAi0cIoWyOG7+U=
github.com/go-gl/gl v0.0.0-20210315015930-ae072cafe09d h1:o81yRlBATU4PRn97lydmsq8hTRNXI4wlR/VvUQhFRVY=
github.com/go-gl/gl v0.0.0-20210315015930-ae072cafe09d/go.mod h1:482civXOzJJCPzJ4ZOX/pwvXBWSnzD4OKMdH4ClKGbk=
github.com/go-gl/glfw v0.0.0-20210311203641-62640a716d48 h1:2Ql7UigDMdlF+Ii12kdox7RKw3J1+uGhXn9FyYbbd20=
github.com/go-gl/glfw v0.0.0-20210311203641-62640a716d48/go.mod h1:vR7hzQXu2zJy9AVAgeJqvqgH9Q5CA+iKCZ2gyEVpxRU=
github.com/gordonklaus/portaudio v0.0.0-20200911161147-bb74aa485641 h1:B7ADnac3Yy6Vtcp2mstnsjUtarYcjy4AL0R6eNEhZAk=
github.com/gordonklaus/portaudio v0.0.0-20200911161147-bb74aa485641/go.mod h1:HfYnZi/ARQKG0dwH5HNDmPCHdLiFiBf+SI7DbhW7et4=
github.com/padster/go-sound v0.0.0-20180914225443-0ccfc629d3a6 h1:lkOx18evRu0gaNasCffL92wvxyEKbiv/ZoiL7fZ8H9Q=
github.com/padster/go-sound v0.0.0-20180914225443-0ccfc629d3a6/go.mod h1:WkmdqJOqgu+CltT5tkhykPlbhPTFJ/eotdFG/IFcXlY=
github.com/rakyll/portmidi v0.0.0-20201020180702-d436ceaa537a h1:+qeh9b4LlO8AYVvm+TG4OXDRwBynTLk82t0HDBBBOQ8=
github.com/rakyll/portmidi v0.0.0-20201020180702-d436ceaa537a/go.mod h1:xKffaBd7e1YUoLpR2azvJqkxEdUDNGNDMlsUNdv6Bcs=
github.com/xthexder/go-jack v0.0.0-20201026211055-5b07fb071116 h1:03B3T3Dx1V/ZgapsHWtiyUtd6fGLVYNE8G4EYWoluRE=
github.com/xthexder/go-jack v0.0.0-20201026211055-5b07fb071116/go.mod h1:0UTXja5DHE3Z5tqm0WxYwpsclGdma/82Vw1JszrfzOE=
gopkg.in/fatih/set.v0 v0.2.1 h1:Xvyyp7LXu34P0ROhCyfXkmQCAoOUKb1E2JS9I7SE5CY=
gopkg.in/fatih/set.v0 v0.2.1/go.mod h1:5eLWEndGL4zGGemXWrKuts+wTJR0y+w+auqUJZbmyBg=
